// !$*UTF8*$!
{
	archiveVersion = 1;
	classes = {
	};
	objectVersion = 46;
	objects = {

/* Begin PBXBuildFile section */
		605D9C291995BE9300746F6C /* Foundation.framework in Frameworks */ = {isa = PBXBuildFile; fileRef = 605D9C281995BE9200746F6C /* Foundation.framework */; };
		605D9C2B1995BE9300746F6C /* CoreGraphics.framework in Frameworks */ = {isa = PBXBuildFile; fileRef = 605D9C2A1995BE9300746F6C /* CoreGraphics.framework */; };
		605D9C2D1995BE9300746F6C /* UIKit.framework in Frameworks */ = {isa = PBXBuildFile; fileRef = 605D9C2C1995BE9300746F6C /* UIKit.framework */; };
		605D9C331995BE9300746F6C /* InfoPlist.strings in Resources */ = {isa = PBXBuildFile; fileRef = 605D9C311995BE9300746F6C /* InfoPlist.strings */; };
		605D9C351995BE9300746F6C /* main.m in Sources */ = {isa = PBXBuildFile; fileRef = 605D9C341995BE9300746F6C /* main.m */; };
		605D9C391995BE9300746F6C /* AppDelegate.m in Sources */ = {isa = PBXBuildFile; fileRef = 605D9C381995BE9300746F6C /* AppDelegate.m */; };
		605D9C3C1995BE9300746F6C /* Main_iPhone.storyboard in Resources */ = {isa = PBXBuildFile; fileRef = 605D9C3A1995BE9300746F6C /* Main_iPhone.storyboard */; };
		605D9C3F1995BE9300746F6C /* Main_iPad.storyboard in Resources */ = {isa = PBXBuildFile; fileRef = 605D9C3D1995BE9300746F6C /* Main_iPad.storyboard */; };
		605D9C421995BE9300746F6C /* ViewController.m in Sources */ = {isa = PBXBuildFile; fileRef = 605D9C411995BE9300746F6C /* ViewController.m */; };
		605D9C441995BE9300746F6C /* Images.xcassets in Resources */ = {isa = PBXBuildFile; fileRef = 605D9C431995BE9300746F6C /* Images.xcassets */; };
		605D9C4B1995BE9300746F6C /* XCTest.framework in Frameworks */ = {isa = PBXBuildFile; fileRef = 605D9C4A1995BE9300746F6C /* XCTest.framework */; };
		605D9C4C1995BE9300746F6C /* Foundation.framework in Frameworks */ = {isa = PBXBuildFile; fileRef = 605D9C281995BE9200746F6C /* Foundation.framework */; };
		605D9C4D1995BE9300746F6C /* UIKit.framework in Frameworks */ = {isa = PBXBuildFile; fileRef = 605D9C2C1995BE9300746F6C /* UIKit.framework */; };
		605D9C551995BE9300746F6C /* InfoPlist.strings in Resources */ = {isa = PBXBuildFile; fileRef = 605D9C531995BE9300746F6C /* InfoPlist.strings */; };
		605D9C571995BE9300746F6C /* ex_Label_OutletTests.m in Sources */ = {isa = PBXBuildFile; fileRef = 605D9C561995BE9300746F6C /* ex_Label_OutletTests.m */; };
/* End PBXBuildFile section */

/* Begin PBXContainerItemProxy section */
		605D9C4E1995BE9300746F6C /* PBXContainerItemProxy */ = {
			isa = PBXContainerItemProxy;
			containerPortal = 605D9C1D1995BE9200746F6C /* Project object */;
			proxyType = 1;
			remoteGlobalIDString = 605D9C241995BE9200746F6C;
			remoteInfo = ex_Label_Outlet;
		};
/* End PBXContainerItemProxy section */

/* Begin PBXFileReference section */
		605D9C251995BE9200746F6C /* ex_Label_Outlet.app */ = {isa = PBXFileReference; explicitFileType = wrapper.application; includeInIndex = 0; path = ex_Label_Outlet.app; sourceTree = BUILT_PRODUCTS_DIR; };
		605D9C281995BE9200746F6C /* Foundation.framework */ = {isa = PBXFileReference; lastKnownFileType = wrapper.framework; name = Foundation.framework; path = System/Library/Frameworks/Foundation.framework; sourceTree = SDKROOT; };
		605D9C2A1995BE9300746F6C /* CoreGraphics.framework */ = {isa = PBXFileReference; lastKnownFileType = wrapper.framework; name = CoreGraphics.framework; path = System/Library/Frameworks/CoreGraphics.framework; sourceTree = SDKROOT; };
		605D9C2C1995BE9300746F6C /* UIKit.framework */ = {isa = PBXFileReference; lastKnownFileType = wrapper.framework; name = UIKit.framework; path = System/Library/Frameworks/UIKit.framework; sourceTree = SDKROOT; };
		605D9C301995BE9300746F6C /* ex_Label_Outlet-Info.plist */ = {isa = PBXFileReference; lastKnownFileType = text.plist.xml; path = "ex_Label_Outlet-Info.plist"; sourceTree = "<group>"; };
		605D9C321995BE9300746F6C /* en */ = {isa = PBXFileReference; lastKnownFileType = text.plist.strings; name = en; path = en.lproj/InfoPlist.strings; sourceTree = "<group>"; };
		605D9C341995BE9300746F6C /* main.m */ = {isa = PBXFileReference; lastKnownFileType = sourcecode.c.objc; path = main.m; sourceTree = "<group>"; };
		605D9C361995BE9300746F6C /* ex_Label_Outlet-Prefix.pch */ = {isa = PBXFileReference; lastKnownFileType = sourcecode.c.h; path = "ex_Label_Outlet-Prefix.pch"; sourceTree = "<group>"; };
		605D9C371995BE9300746F6C /* AppDelegate.h */ = {isa = PBXFileReference; lastKnownFileType = sourcecode.c.h; path = AppDelegate.h; sourceTree = "<group>"; };
		605D9C381995BE9300746F6C /* AppDelegate.m */ = {isa = PBXFileReference; lastKnownFileType = sourcecode.c.objc; path = AppDelegate.m; sourceTree = "<group>"; };
		605D9C3B1995BE9300746F6C /* Base */ = {isa = PBXFileReference; lastKnownFileType = file.storyboard; name = Base; path = Base.lproj/Main_iPhone.storyboard; sourceTree = "<group>"; };
		605D9C3E1995BE9300746F6C /* Base */ = {isa = PBXFileReference; lastKnownFileType = file.storyboard; name = Base; path = Base.lproj/Main_iPad.storyboard; sourceTree = "<group>"; };
		605D9C401995BE9300746F6C /* ViewController.h */ = {isa = PBXFileReference; lastKnownFileType = sourcecode.c.h; path = ViewController.h; sourceTree = "<group>"; };
		605D9C411995BE9300746F6C /* ViewController.m */ = {isa = PBXFileReference; lastKnownFileType = sourcecode.c.objc; path = ViewController.m; sourceTree = "<group>"; };
		605D9C431995BE9300746F6C /* Images.xcassets */ = {isa = PBXFileReference; lastKnownFileType = folder.assetcatalog; path = Images.xcassets; sourceTree = "<group>"; };
		605D9C491995BE9300746F6C /* ex_Label_OutletTests.xctest */ = {isa = PBXFileReference; explicitFileType = wrapper.cfbundle; includeInIndex = 0; path = ex_Label_OutletTests.xctest; sourceTree = BUILT_PRODUCTS_DIR; };
		605D9C4A1995BE9300746F6C /* XCTest.framework */ = {isa = PBXFileReference; lastKnownFileType = wrapper.framework; name = XCTest.framework; path = Library/Frameworks/XCTest.framework; sourceTree = DEVELOPER_DIR; };
		605D9C521995BE9300746F6C /* ex_Label_OutletTests-Info.plist */ = {isa = PBXFileReference; lastKnownFileType = text.plist.xml; path = "ex_Label_OutletTests-Info.plist"; sourceTree = "<group>"; };
		605D9C541995BE9300746F6C /* en */ = {isa = PBXFileReference; lastKnownFileType = text.plist.strings; name = en; path = en.lproj/InfoPlist.strings; sourceTree = "<group>"; };
		605D9C561995BE9300746F6C /* ex_Label_OutletTests.m */ = {isa = PBXFileReference; lastKnownFileType = sourcecode.c.objc; path = ex_Label_OutletTests.m; sourceTree = "<group>"; };
/* End PBXFileReference section */

/* Begin PBXFrameworksBuildPhase section */
		605D9C221995BE9200746F6C /* Frameworks */ = {
			isa = PBXFrameworksBuildPhase;
			buildActionMask = 2147483647;
			files = (
				605D9C2B1995BE9300746F6C /* CoreGraphics.framework in Frameworks */,
				605D9C2D1995BE9300746F6C /* UIKit.framework in Frameworks */,
				605D9C291995BE9300746F6C /* Foundation.framework in Frameworks */,
			);
			runOnlyForDeploymentPostprocessing = 0;
		};
		605D9C461995BE9300746F6C /* Frameworks */ = {
			isa = PBXFrameworksBuildPhase;
			buildActionMask = 2147483647;
			files = (
				605D9C4B1995BE9300746F6C /* XCTest.framework in Frameworks */,
				605D9C4D1995BE9300746F6C /* UIKit.framework in Frameworks */,
				605D9C4C1995BE9300746F6C /* Foundation.framework in Frameworks */,
			);
			runOnlyForDeploymentPostprocessing = 0;
		};
/* End PBXFrameworksBuildPhase section */

/* Begin PBXGroup section */
		605D9C1C1995BE9200746F6C = {
			isa = PBXGroup;
			children = (
				605D9C2E1995BE9300746F6C /* ex_Label_Outlet */,
				605D9C501995BE9300746F6C /* ex_Label_OutletTests */,
				605D9C271995BE9200746F6C /* Frameworks */,
				605D9C261995BE9200746F6C /* Products */,
			);
			sourceTree = "<group>";
		};
		605D9C261995BE9200746F6C /* Products */ = {
			isa = PBXGroup;
			children = (
				605D9C251995BE9200746F6C /* ex_Label_Outlet.app */,
				605D9C491995BE9300746F6C /* ex_Label_OutletTests.xctest */,
			);
			name = Products;
			sourceTree = "<group>";
		};
		605D9C271995BE9200746F6C /* Frameworks */ = {
			isa = PBXGroup;
			children = (
				605D9C281995BE9200746F6C /* Foundation.framework */,
				605D9C2A1995BE9300746F6C /* CoreGraphics.framework */,
				605D9C2C1995BE9300746F6C /* UIKit.framework */,
				605D9C4A1995BE9300746F6C /* XCTest.framework */,
			);
			name = Frameworks;
			sourceTree = "<group>";
		};
		605D9C2E1995BE9300746F6C /* ex_Label_Outlet */ = {
			isa = PBXGroup;
			children = (
				605D9C371995BE9300746F6C /* AppDelegate.h */,
				605D9C381995BE9300746F6C /* AppDelegate.m */,
				605D9C3A1995BE9300746F6C /* Main_iPhone.storyboard */,
				605D9C3D1995BE9300746F6C /* Main_iPad.storyboard */,
				605D9C401995BE9300746F6C /* ViewController.h */,
				605D9C411995BE9300746F6C /* ViewController.m */,
				605D9C431995BE9300746F6C /* Images.xcassets */,
				605D9C2F1995BE9300746F6C /* Supporting Files */,
			);
			path = ex_Label_Outlet;
			sourceTree = "<group>";
		};
		605D9C2F1995BE9300746F6C /* Supporting Files */ = {
			isa = PBXGroup;
			children = (
				605D9C301995BE9300746F6C /* ex_Label_Outlet-Info.plist */,
				605D9C311995BE9300746F6C /* InfoPlist.strings */,
				605D9C341995BE9300746F6C /* main.m */,
				605D9C361995BE9300746F6C /* ex_Label_Outlet-Prefix.pch */,
			);
			name = "Supporting Files";
			sourceTree = "<group>";
		};
		605D9C501995BE9300746F6C /* ex_Label_OutletTests */ = {
			isa = PBXGroup;
			children = (
				605D9C561995BE9300746F6C /* ex_Label_OutletTests.m */,
				605D9C511995BE9300746F6C /* Supporting Files */,
			);
			path = ex_Label_OutletTests;
			sourceTree = "<group>";
		};
		605D9C511995BE9300746F6C /* Supporting Files */ = {
			isa = PBXGroup;
			children = (
				605D9C521995BE9300746F6C /* ex_Label_OutletTests-Info.plist */,
				605D9C531995BE9300746F6C /* InfoPlist.strings */,
			);
			name = "Supporting Files";
			sourceTree = "<group>";
		};
/* End PBXGroup section */

/* Begin PBXNativeTarget section */
		605D9C241995BE9200746F6C /* ex_Label_Outlet */ = {
			isa = PBXNativeTarget;
			buildConfigurationList = 605D9C5A1995BE9300746F6C /* Build configuration list for PBXNativeTarget "ex_Label_Outlet" */;
			buildPhases = (
				605D9C211995BE9200746F6C /* Sources */,
				605D9C221995BE9200746F6C /* Frameworks */,
				605D9C231995BE9200746F6C /* Resources */,
			);
			buildRules = (
			);
			dependencies = (
			);
			name = ex_Label_Outlet;
			productName = ex_Label_Outlet;
			productReference = 605D9C251995BE9200746F6C /* ex_Label_Outlet.app */;
			productType = "com.apple.product-type.application";
		};
		605D9C481995BE9300746F6C /* ex_Label_OutletTests */ = {
			isa = PBXNativeTarget;
			buildConfigurationList = 605D9C5D1995BE9300746F6C /* Build configuration list for PBXNativeTarget "ex_Label_OutletTests" */;
			buildPhases = (
				605D9C451995BE9300746F6C /* Sources */,
				605D9C461995BE9300746F6C /* Frameworks */,
				605D9C471995BE9300746F6C /* Resources */,
			);
			buildRules = (
			);
			dependencies = (
				605D9C4F1995BE9300746F6C /* PBXTargetDependency */,
			);
			name = ex_Label_OutletTests;
			productName = ex_Label_OutletTests;
			productReference = 605D9C491995BE9300746F6C /* ex_Label_OutletTests.xctest */;
			productType = "com.apple.product-type.bundle.unit-test";
		};
/* End PBXNativeTarget section */

/* Begin PBXProject section */
		605D9C1D1995BE9200746F6C /* Project object */ = {
			isa = PBXProject;
			attributes = {
				LastUpgradeCheck = 0510;
				ORGANIZATIONNAME = "___FULLUSERNAME___";
				TargetAttributes = {
					605D9C481995BE9300746F6C = {
						TestTargetID = 605D9C241995BE9200746F6C;
					};
				};
			};
			buildConfigurationList = 605D9C201995BE9200746F6C /* Build configuration list for PBXProject "ex_Label_Outlet" */;
			compatibilityVersion = "Xcode 3.2";
			developmentRegion = English;
			hasScannedForEncodings = 0;
			knownRegions = (
				en,
				Base,
			);
			mainGroup = 605D9C1C1995BE9200746F6C;
			productRefGroup = 605D9C261995BE9200746F6C /* Products */;
			projectDirPath = "";
			projectRoot = "";
			targets = (
				605D9C241995BE9200746F6C /* ex_Label_Outlet */,
				605D9C481995BE9300746F6C /* ex_Label_OutletTests */,
			);
		};
/* End PBXProject section */

/* Begin PBXResourcesBuildPhase section */
		605D9C231995BE9200746F6C /* Resources */ = {
			isa = PBXResourcesBuildPhase;
			buildActionMask = 2147483647;
			files = (
				605D9C3F1995BE9300746F6C /* Main_iPad.storyboard in Resources */,
				605D9C441995BE9300746F6C /* Images.xcassets in Resources */,
				605D9C3C1995BE9300746F6C /* Main_iPhone.storyboard in Resources */,
				605D9C331995BE9300746F6C /* InfoPlist.strings in Resources */,
			);
			runOnlyForDeploymentPostprocessing = 0;
		};
		605D9C471995BE9300746F6C /* Resources */ = {
			isa = PBXResourcesBuildPhase;
			buildActionMask = 2147483647;
			files = (
				605D9C551995BE9300746F6C /* InfoPlist.strings in Resources */,
			);
			runOnlyForDeploymentPostprocessing = 0;
		};
/* End PBXResourcesBuildPhase section */

/* Begin PBXSourcesBuildPhase section */
		605D9C211995BE9200746F6C /* Sources */ = {
			isa = PBXSourcesBuildPhase;
			buildActionMask = 2147483647;
			files = (
				605D9C421995BE9300746F6C /* ViewController.m in Sources */,
				605D9C391995BE9300746F6C /* AppDelegate.m in Sources */,
				605D9C351995BE9300746F6C /* main.m in Sources */,
			);
			runOnlyForDeploymentPostprocessing = 0;
		};
		605D9C451995BE9300746F6C /* Sources */ = {
			isa = PBXSourcesBuildPhase;
			buildActionMask = 2147483647;
			files = (
				605D9C571995BE9300746F6C /* ex_Label_OutletTests.m in Sources */,
			);
			runOnlyForDeploymentPostprocessing = 0;
		};
/* End PBXSourcesBuildPhase section */

/* Begin PBXTargetDependency section */
		605D9C4F1995BE9300746F6C /* PBXTargetDependency */ = {
			isa = PBXTargetDependency;
			target = 605D9C241995BE9200746F6C /* ex_Label_Outlet */;
			targetProxy = 605D9C4E1995BE9300746F6C /* PBXContainerItemProxy */;
		};
/* End PBXTargetDependency section */

/* Begin PBXVariantGroup section */
		605D9C311995BE9300746F6C /* InfoPlist.strings */ = {
			isa = PBXVariantGroup;
			children = (
				605D9C321995BE9300746F6C /* en */,
			);
			name = InfoPlist.strings;
			sourceTree = "<group>";
		};
		605D9C3A1995BE9300746F6C /* Main_iPhone.storyboard */ = {
			isa = PBXVariantGroup;
			children = (
				605D9C3B1995BE9300746F6C /* Base */,
			);
			name = Main_iPhone.storyboard;
			sourceTree = "<group>";
		};
		605D9C3D1995BE9300746F6C /* Main_iPad.storyboard */ = {
			isa = PBXVariantGroup;
			children = (
				605D9C3E1995BE9300746F6C /* Base */,
			);
			name = Main_iPad.storyboard;
			sourceTree = "<group>";
		};
		605D9C531995BE9300746F6C /* InfoPlist.strings */ = {
			isa = PBXVariantGroup;
			children = (
				605D9C541995BE9300746F6C /* en */,
			);
			name = InfoPlist.strings;
			sourceTree = "<group>";
		};
/* End PBXVariantGroup section */

/* Begin XCBuildConfiguration section */
		605D9C581995BE9300746F6C /* Debug */ = {
			isa = XCBuildConfiguration;
			buildSettings = {
				ALWAYS_SEARCH_USER_PATHS = NO;
				CLANG_CXX_LANGUAGE_STANDARD = "gnu++0x";
				CLANG_CXX_LIBRARY = "libc++";
				CLANG_ENABLE_MODULES = YES;
				CLANG_ENABLE_OBJC_ARC = YES;
				CLANG_WARN_BOOL_CONVERSION = YES;
				CLANG_WARN_CONSTANT_CONVERSION = YES;
				CLANG_WARN_DIRECT_OBJC_ISA_USAGE = YES_ERROR;
				CLANG_WARN_EMPTY_BODY = YES;
				CLANG_WARN_ENUM_CONVERSION = YES;
				CLANG_WARN_INT_CONVERSION = YES;
				CLANG_WARN_OBJC_ROOT_CLASS = YES_ERROR;
				CLANG_WARN__DUPLICATE_METHOD_MATCH = YES;
				"CODE_SIGN_IDENTITY[sdk=iphoneos*]" = "iPhone Developer";
				COPY_PHASE_STRIP = NO;
				GCC_C_LANGUAGE_STANDARD = gnu99;
				GCC_DYNAMIC_NO_PIC = NO;
				GCC_OPTIMIZATION_LEVEL = 0;
				GCC_PREPROCESSOR_DEFINITIONS = (
					"DEBUG=1",
					"$(inherited)",
				);
				GCC_SYMBOLS_PRIVATE_EXTERN = NO;
				GCC_WARN_64_TO_32_BIT_CONVERSION = YES;
				GCC_WARN_ABOUT_RETURN_TYPE = YES_ERROR;
				GCC_WARN_UNDECLARED_SELECTOR = YES;
				GCC_WARN_UNINITIALIZED_AUTOS = YES_AGGRESSIVE;
				GCC_WARN_UNUSED_FUNCTION = YES;
				GCC_WARN_UNUSED_VARIABLE = YES;
				IPHONEOS_DEPLOYMENT_TARGET = 7.1;
				ONLY_ACTIVE_ARCH = YES;
				SDKROOT = iphoneos;
				TARGETED_DEVICE_FAMILY = "1,2";
			};
			name = Debug;
		};
		605D9C591995BE9300746F6C /* Release */ = {
			isa = XCBuildConfiguration;
			buildSettings = {
				ALWAYS_SEARCH_USER_PATHS = NO;
				CLANG_CXX_LANGUAGE_STANDARD = "gnu++0x";
				CLANG_CXX_LIBRARY = "libc++";
				CLANG_ENABLE_MODULES = YES;
				CLANG_ENABLE_OBJC_ARC = YES;
				CLANG_WARN_BOOL_CONVERSION = YES;
				CLANG_WARN_CONSTANT_CONVERSION = YES;
				CLANG_WARN_DIRECT_OBJC_ISA_USAGE = YES_ERROR;
				CLANG_WARN_EMPTY_BODY = YES;
				CLANG_WARN_ENUM_CONVERSION = YES;
				CLANG_WARN_INT_CONVERSION = YES;
				CLANG_WARN_OBJC_ROOT_CLASS = YES_ERROR;
				CLANG_WARN__DUPLICATE_METHOD_MATCH = YES;
				"CODE_SIGN_IDENTITY[sdk=iphoneos*]" = "iPhone Developer";
				COPY_PHASE_STRIP = YES;
				ENABLE_NS_ASSERTIONS = NO;
				GCC_C_LANGUAGE_STANDARD = gnu99;
				GCC_WARN_64_TO_32_BIT_CONVERSION = YES;
				GCC_WARN_ABOUT_RETURN_TYPE = YES_ERROR;
				GCC_WARN_UNDECLARED_SELECTOR = YES;
				GCC_WARN_UNINITIALIZED_AUTOS = YES_AGGRESSIVE;
				GCC_WARN_UNUSED_FUNCTION = YES;
				GCC_WARN_UNUSED_VARIABLE = YES;
				IPHONEOS_DEPLOYMENT_TARGET = 7.1;
				SDKROOT = iphoneos;
				TARGETED_DEVICE_FAMILY = "1,2";
				VALIDATE_PRODUCT = YES;
			};
			name = Release;
		};
		605D9C5B1995BE9300746F6C /* Debug */ = {
			isa = XCBuildConfiguration;
			buildSettings = {
				ASSETCATALOG_COMPILER_APPICON_NAME = AppIcon;
				ASSETCATALOG_COMPILER_LAUNCHIMAGE_NAME = LaunchImage;
				GCC_PRECOMPILE_PREFIX_HEADER = YES;
				GCC_PREFIX_HEADER = "ex_Label_Outlet/ex_Label_Outlet-Prefix.pch";
				INFOPLIST_FILE = "ex_Label_Outlet/ex_Label_Outlet-Info.plist";
				PRODUCT_NAME = "$(TARGET_NAME)";
				WRAPPER_EXTENSION = app;
			};
			name = Debug;
		};
		605D9C5C1995BE9300746F6C /* Release */ = {
			isa = XCBuildConfiguration;
			buildSettings = {
				ASSETCATALOG_COMPILER_APPICON_NAME = AppIcon;
				ASSETCATALOG_COMPILER_LAUNCHIMAGE_NAME = LaunchImage;
				GCC_PRECOMPILE_PREFIX_HEADER = YES;
				GCC_PREFIX_HEADER = "ex_Label_Outlet/ex_Label_Outlet-Prefix.pch";
				INFOPLIST_FILE = "ex_Label_Outlet/ex_Label_Outlet-Info.plist";
				PRODUCT_NAME = "$(TARGET_NAME)";
				WRAPPER_EXTENSION = app;
			};
			name = Release;
		};
		605D9C5E1995BE9300746F6C /* Debug */ = {
			isa = XCBuildConfiguration;
			buildSettings = {
				BUNDLE_LOADER = "$(BUILT_PRODUCTS_DIR)/ex_Label_Outlet.app/ex_Label_Outlet";
				FRAMEWORK_SEARCH_PATHS = (
					"$(SDKROOT)/Developer/Library/Frameworks",
					"$(inherited)",
					"$(DEVELOPER_FRAMEWORKS_DIR)",
				);
				GCC_PRECOMPILE_PREFIX_HEADER = YES;
				GCC_PREFIX_HEADER = "ex_Label_Outlet/ex_Label_Outlet-Prefix.pch";
				GCC_PREPROCESSOR_DEFINITIONS = (
					"DEBUG=1",
					"$(inherited)",
				);
				INFOPLIST_FILE = "ex_Label_OutletTests/ex_Label_OutletTests-Info.plist";
				PRODUCT_NAME = "$(TARGET_NAME)";
				TEST_HOST = "$(BUNDLE_LOADER)";
				WRAPPER_EXTENSION = xctest;
			};
			name = Debug;
		};
		605D9C5F1995BE9300746F6C /* Release */ = {
			isa = XCBuildConfiguration;
			buildSettings = {
				BUNDLE_LOADER = "$(BUILT_PRODUCTS_DIR)/ex_Label_Outlet.app/ex_Label_Outlet";
				FRAMEWORK_SEARCH_PATHS = (
					"$(SDKROOT)/Developer/Library/Frameworks",
					"$(inherited)",
					"$(DEVELOPER_FRAMEWORKS_DIR)",
				);
				GCC_PRECOMPILE_PREFIX_HEADER = YES;
				GCC_PREFIX_HEADER = "ex_Label_Outlet/ex_Label_Outlet-Prefix.pch";
				INFOPLIST_FILE = "ex_Label_OutletTests/ex_Label_OutletTests-Info.plist";
				PRODUCT_NAME = "$(TARGET_NAME)";
				TEST_HOST = "$(BUNDLE_LOADER)";
				WRAPPER_EXTENSION = xctest;
			};
			name = Release;
		};
/* End XCBuildConfiguration section */

/* Begin XCConfigurationList section */
		605D9C201995BE9200746F6C /* Build configuration list for PBXProject "ex_Label_Outlet" */ = {
			isa = XCConfigurationList;
			buildConfigurations = (
				605D9C581995BE9300746F6C /* Debug */,
				605D9C591995BE9300746F6C /* Release */,
			);
			defaultConfigurationIsVisible = 0;
			defaultConfigurationName = Release;
		};
		605D9C5A1995BE9300746F6C /* Build configuration list for PBXNativeTarget "ex_Label_Outlet" */ = {
			isa = XCConfigurationList;
			buildConfigurations = (
				605D9C5B1995BE9300746F6C /* Debug */,
				605D9C5C1995BE9300746F6C /* Release */,
			);
			defaultConfigurationIsVisible = 0;
		};
		605D9C5D1995BE9300746F6C /* Build configuration list for PBXNativeTarget "ex_Label_OutletTests" */ = {
			isa = XCConfigurationList;
			buildConfigurations = (
				605D9C5E1995BE9300746F6C /* Debug */,
				605D9C5F1995BE9300746F6C /* Release */,
			);
			defaultConfigurationIsVisible = 0;
		};
/* End XCConfigurationList section */
	};
	rootObject = 605D9C1D1995BE9200746F6C /* Project object */;
}
